
Microsoft Visual Studio Solution File, Format Version 12.00
# Visual Studio Version 16
VisualStudioVersion = 16.0.29709.97
MinimumVisualStudioVersion = 10.0.40219.1
Project("{8BC9CEB8-8B4A-11D0-8D11-00A0C91BC942}") = "MuRender", "MuRender.vcxproj", "{3E0F955B-DC5D-42D2-83D1-5665A281C05E}"
EndProject
Global
	GlobalSection(SolutionConfigurationPlatforms) = preSolution
		Debug|x64 = Debug|x64
		Debug|x86 = Debug|x86
		Release|x64 = Release|x64
		Release|x86 = Release|x86
	EndGlobalSection
	GlobalSection(ProjectConfigurationPlatforms) = postSolution
		{3E0F955B-DC5D-42D2-83D1-5665A281C05E}.Debug|x64.ActiveCfg = Debug|x64
		{3E0F955B-DC5D-42D2-83D1-5665A281C05E}.Debug|x64.Build.0 = Debug|x64
		{3E0F955B-DC5D-42D2-83D1-5665A281C05E}.Debug|x86.ActiveCfg = Debug|Win32
		{3E0F955B-DC5D-42D2-83D1-5665A281C05E}.Debug|x86.Build.0 = Debug|Win32
		{3E0F955B-DC5D-42D2-83D1-5665A281C05E}.Release|x64.ActiveCfg = Release|x64
		{3E0F955B-DC5D-42D2-83D1-5665A281C05E}.Release|x64.Build.0 = Release|x64
		{3E0F955B-DC5D-42D2-83D1-5665A281C05E}.Release|x86.ActiveCfg = Release|Win32
		{3E0F955B-DC5D-42D2-83D1-5665A281C05E}.Release|x86.Build.0 = Release|Win32
	EndGlobalSection
	GlobalSection(SolutionProperties) = preSolution
		HideSolutionNode = FALSE
	EndGlobalSection
	GlobalSection(ExtensibilityGlobals) = postSolution
		SolutionGuid = {155D34C9-9FB9-4664-AAA2-C5B73ACCA25C}
	EndGlobalSection
EndGlobal
