
Microsoft Visual Studio Solution File, Format Version 12.00
# Visual Studio Version 17
VisualStudioVersion = 17.0.31919.166
MinimumVisualStudioVersion = 10.0.40219.1
Project("{8BC9CEB8-8B4A-11D0-8D11-00A0C91BC942}") = "TinyRender", "TinyRender.vcxproj", "{EA7B8FFE-E0D0-4B6A-8341-7E6591651CAB}"
EndProject
Global
	GlobalSection(SolutionConfigurationPlatforms) = preSolution
		Debug|x64 = Debug|x64
		Debug|x86 = Debug|x86
		Release|x64 = Release|x64
		Release|x86 = Release|x86
	EndGlobalSection
	GlobalSection(ProjectConfigurationPlatforms) = postSolution
		{EA7B8FFE-E0D0-4B6A-8341-7E6591651CAB}.Debug|x64.ActiveCfg = Debug|x64
		{EA7B8FFE-E0D0-4B6A-8341-7E6591651CAB}.Debug|x64.Build.0 = Debug|x64
		{EA7B8FFE-E0D0-4B6A-8341-7E6591651CAB}.Debug|x86.ActiveCfg = Debug|Win32
		{EA7B8FFE-E0D0-4B6A-8341-7E6591651CAB}.Debug|x86.Build.0 = Debug|Win32
		{EA7B8FFE-E0D0-4B6A-8341-7E6591651CAB}.Release|x64.ActiveCfg = Release|x64
		{EA7B8FFE-E0D0-4B6A-8341-7E6591651CAB}.Release|x64.Build.0 = Release|x64
		{EA7B8FFE-E0D0-4B6A-8341-7E6591651CAB}.Release|x86.ActiveCfg = Release|Win32
		{EA7B8FFE-E0D0-4B6A-8341-7E6591651CAB}.Release|x86.Build.0 = Release|Win32
	EndGlobalSection
	GlobalSection(SolutionProperties) = preSolution
		HideSolutionNode = FALSE
	EndGlobalSection
	GlobalSection(ExtensibilityGlobals) = postSolution
		SolutionGuid = {C6E27385-500A-4CD1-86D7-FAD6EA9CDFBD}
	EndGlobalSection
EndGlobal
