
Microsoft Visual Studio Solution File, Format Version 12.00
# Visual Studio Version 17
VisualStudioVersion = 17.9.34728.123
MinimumVisualStudioVersion = 10.0.40219.1
Project("{8BC9CEB8-8B4A-11D0-8D11-00A0C91BC942}") = "MathTest", "MathTest.vcxproj", "{958A42FF-65BC-4A79-BC06-5A2521550DB2}"
EndProject
Global
	GlobalSection(SolutionConfigurationPlatforms) = preSolution
		Debug|x64 = Debug|x64
		Debug|x86 = Debug|x86
		Release|x64 = Release|x64
		Release|x86 = Release|x86
	EndGlobalSection
	GlobalSection(ProjectConfigurationPlatforms) = postSolution
		{958A42FF-65BC-4A79-BC06-5A2521550DB2}.Debug|x64.ActiveCfg = Debug|x64
		{958A42FF-65BC-4A79-BC06-5A2521550DB2}.Debug|x64.Build.0 = Debug|x64
		{958A42FF-65BC-4A79-BC06-5A2521550DB2}.Debug|x86.ActiveCfg = Debug|Win32
		{958A42FF-65BC-4A79-BC06-5A2521550DB2}.Debug|x86.Build.0 = Debug|Win32
		{958A42FF-65BC-4A79-BC06-5A2521550DB2}.Release|x64.ActiveCfg = Release|x64
		{958A42FF-65BC-4A79-BC06-5A2521550DB2}.Release|x64.Build.0 = Release|x64
		{958A42FF-65BC-4A79-BC06-5A2521550DB2}.Release|x86.ActiveCfg = Release|Win32
		{958A42FF-65BC-4A79-BC06-5A2521550DB2}.Release|x86.Build.0 = Release|Win32
	EndGlobalSection
	GlobalSection(SolutionProperties) = preSolution
		HideSolutionNode = FALSE
	EndGlobalSection
	GlobalSection(ExtensibilityGlobals) = postSolution
		SolutionGuid = {85C5D3D6-E73D-4FD9-AC65-70717D00AAE7}
	EndGlobalSection
EndGlobal
